
Microsoft Visual Studio Solution File, Format Version 12.00
# Visual Studio Version 16
VisualStudioVersion = 16.0.31829.152
MinimumVisualStudioVersion = 10.0.40219.1
Project("{FAE04EC0-301F-11D3-BF4B-00C04F79EFBC}") = "Lab4", "Lab4\Lab4.csproj", "{0B505B01-6CAF-43DB-8FAA-0F710D206AF9}"
EndProject
Global
	GlobalSection(SolutionConfigurationPlatforms) = preSolution
		Debug|Any CPU = Debug|Any CPU
		Release|Any CPU = Release|Any CPU
	EndGlobalSection
	GlobalSection(ProjectConfigurationPlatforms) = postSolution
		{0B505B01-6CAF-43DB-8FAA-0F710D206AF9}.Debug|Any CPU.ActiveCfg = Debug|Any CPU
		{0B505B01-6CAF-43DB-8FAA-0F710D206AF9}.Debug|Any CPU.Build.0 = Debug|Any CPU
		{0B505B01-6CAF-43DB-8FAA-0F710D206AF9}.Release|Any CPU.ActiveCfg = Release|Any CPU
		{0B505B01-6CAF-43DB-8FAA-0F710D206AF9}.Release|Any CPU.Build.0 = Release|Any CPU
	EndGlobalSection
	GlobalSection(SolutionProperties) = preSolution
		HideSolutionNode = FALSE
	EndGlobalSection
	GlobalSection(ExtensibilityGlobals) = postSolution
		SolutionGuid = {E0EACDE6-E583-44C8-B747-E544C71418CB}
	EndGlobalSection
EndGlobal
