
Microsoft Visual Studio Solution File, Format Version 12.00
# Visual Studio Version 16
VisualStudioVersion = 16.0.31829.152
MinimumVisualStudioVersion = 10.0.40219.1
Project("{FAE04EC0-301F-11D3-BF4B-00C04F79EFBC}") = "Lab2", "Lab2\Lab2.csproj", "{881811B5-2D69-41B4-926E-5AE24EC09536}"
EndProject
Global
	GlobalSection(SolutionConfigurationPlatforms) = preSolution
		Debug|Any CPU = Debug|Any CPU
		Release|Any CPU = Release|Any CPU
	EndGlobalSection
	GlobalSection(ProjectConfigurationPlatforms) = postSolution
		{881811B5-2D69-41B4-926E-5AE24EC09536}.Debug|Any CPU.ActiveCfg = Debug|Any CPU
		{881811B5-2D69-41B4-926E-5AE24EC09536}.Debug|Any CPU.Build.0 = Debug|Any CPU
		{881811B5-2D69-41B4-926E-5AE24EC09536}.Release|Any CPU.ActiveCfg = Release|Any CPU
		{881811B5-2D69-41B4-926E-5AE24EC09536}.Release|Any CPU.Build.0 = Release|Any CPU
	EndGlobalSection
	GlobalSection(SolutionProperties) = preSolution
		HideSolutionNode = FALSE
	EndGlobalSection
	GlobalSection(ExtensibilityGlobals) = postSolution
		SolutionGuid = {599CB2F5-E019-41F0-8EBE-65C3286C529E}
	EndGlobalSection
EndGlobal
