
Microsoft Visual Studio Solution File, Format Version 12.00
# Visual Studio Version 16
VisualStudioVersion = 16.0.31829.152
MinimumVisualStudioVersion = 10.0.40219.1
Project("{FAE04EC0-301F-11D3-BF4B-00C04F79EFBC}") = "KMPLab", "KMPLab\KMPLab.csproj", "{A815D3A5-4361-4A2A-9319-ABA633360AE4}"
EndProject
Global
	GlobalSection(SolutionConfigurationPlatforms) = preSolution
		Debug|Any CPU = Debug|Any CPU
		Release|Any CPU = Release|Any CPU
	EndGlobalSection
	GlobalSection(ProjectConfigurationPlatforms) = postSolution
		{A815D3A5-4361-4A2A-9319-ABA633360AE4}.Debug|Any CPU.ActiveCfg = Debug|Any CPU
		{A815D3A5-4361-4A2A-9319-ABA633360AE4}.Debug|Any CPU.Build.0 = Debug|Any CPU
		{A815D3A5-4361-4A2A-9319-ABA633360AE4}.Release|Any CPU.ActiveCfg = Release|Any CPU
		{A815D3A5-4361-4A2A-9319-ABA633360AE4}.Release|Any CPU.Build.0 = Release|Any CPU
	EndGlobalSection
	GlobalSection(SolutionProperties) = preSolution
		HideSolutionNode = FALSE
	EndGlobalSection
	GlobalSection(ExtensibilityGlobals) = postSolution
		SolutionGuid = {53340700-FFE2-4915-B4A5-922323309FF3}
	EndGlobalSection
EndGlobal
